
Microsoft Visual Studio Solution File, Format Version 12.00
# Visual Studio 14
VisualStudioVersion = 14.0.24720.0
MinimumVisualStudioVersion = 10.0.40219.1
Project("{FAE04EC0-301F-11D3-BF4B-00C04F79EFBC}") = "Shared", "Shared\Shared.csproj", "{8F97B2EF-89D5-4088-9C47-FC8A1CF5A68F}"
EndProject
Project("{FAE04EC0-301F-11D3-BF4B-00C04F79EFBC}") = "Server", "SuperServer\Server.csproj", "{2FAC9D13-C463-4446-AE1B-6B0726027A37}"
EndProject
Project("{FAE04EC0-301F-11D3-BF4B-00C04F79EFBC}") = "ClientGui", "ClientGui\ClientGui.csproj", "{D4BAB232-FEBD-4D38-AC81-953FB0DDAC13}"
EndProject
Project("{FAE04EC0-301F-11D3-BF4B-00C04F79EFBC}") = "Client", "SuperClient\Client.csproj", "{9DCE947F-5A15-4771-B109-D0BDF429E416}"
EndProject
Global
	GlobalSection(SolutionConfigurationPlatforms) = preSolution
		Debug|Any CPU = Debug|Any CPU
		Release|Any CPU = Release|Any CPU
	EndGlobalSection
	GlobalSection(ProjectConfigurationPlatforms) = postSolution
		{8F97B2EF-89D5-4088-9C47-FC8A1CF5A68F}.Debug|Any CPU.ActiveCfg = Debug|Any CPU
		{8F97B2EF-89D5-4088-9C47-FC8A1CF5A68F}.Debug|Any CPU.Build.0 = Debug|Any CPU
		{8F97B2EF-89D5-4088-9C47-FC8A1CF5A68F}.Release|Any CPU.ActiveCfg = Release|Any CPU
		{8F97B2EF-89D5-4088-9C47-FC8A1CF5A68F}.Release|Any CPU.Build.0 = Release|Any CPU
		{2FAC9D13-C463-4446-AE1B-6B0726027A37}.Debug|Any CPU.ActiveCfg = Debug|Any CPU
		{2FAC9D13-C463-4446-AE1B-6B0726027A37}.Debug|Any CPU.Build.0 = Debug|Any CPU
		{2FAC9D13-C463-4446-AE1B-6B0726027A37}.Release|Any CPU.ActiveCfg = Release|Any CPU
		{2FAC9D13-C463-4446-AE1B-6B0726027A37}.Release|Any CPU.Build.0 = Release|Any CPU
		{D4BAB232-FEBD-4D38-AC81-953FB0DDAC13}.Debug|Any CPU.ActiveCfg = Debug|Any CPU
		{D4BAB232-FEBD-4D38-AC81-953FB0DDAC13}.Debug|Any CPU.Build.0 = Debug|Any CPU
		{D4BAB232-FEBD-4D38-AC81-953FB0DDAC13}.Release|Any CPU.ActiveCfg = Release|Any CPU
		{D4BAB232-FEBD-4D38-AC81-953FB0DDAC13}.Release|Any CPU.Build.0 = Release|Any CPU
		{9DCE947F-5A15-4771-B109-D0BDF429E416}.Debug|Any CPU.ActiveCfg = Debug|Any CPU
		{9DCE947F-5A15-4771-B109-D0BDF429E416}.Debug|Any CPU.Build.0 = Debug|Any CPU
		{9DCE947F-5A15-4771-B109-D0BDF429E416}.Release|Any CPU.ActiveCfg = Release|Any CPU
		{9DCE947F-5A15-4771-B109-D0BDF429E416}.Release|Any CPU.Build.0 = Release|Any CPU
	EndGlobalSection
	GlobalSection(SolutionProperties) = preSolution
		HideSolutionNode = FALSE
	EndGlobalSection
EndGlobal
